
Microsoft Visual Studio Solution File, Format Version 12.00
# Visual Studio Version 16
VisualStudioVersion = 16.0.30011.22
MinimumVisualStudioVersion = 10.0.40219.1
Project("{FAE04EC0-301F-11D3-BF4B-00C04F79EFBC}") = "WebAPI", "WebAPI\WebAPI.csproj", "{213AF575-969A-4516-9F38-EA35FF45F29A}"
EndProject
Global
	GlobalSection(SolutionConfigurationPlatforms) = preSolution
		Debug|Any CPU = Debug|Any CPU
		Release|Any CPU = Release|Any CPU
	EndGlobalSection
	GlobalSection(ProjectConfigurationPlatforms) = postSolution
		{213AF575-969A-4516-9F38-EA35FF45F29A}.Debug|Any CPU.ActiveCfg = Debug|Any CPU
		{213AF575-969A-4516-9F38-EA35FF45F29A}.Debug|Any CPU.Build.0 = Debug|Any CPU
		{213AF575-969A-4516-9F38-EA35FF45F29A}.Release|Any CPU.ActiveCfg = Release|Any CPU
		{213AF575-969A-4516-9F38-EA35FF45F29A}.Release|Any CPU.Build.0 = Release|Any CPU
	EndGlobalSection
	GlobalSection(SolutionProperties) = preSolution
		HideSolutionNode = FALSE
	EndGlobalSection
	GlobalSection(ExtensibilityGlobals) = postSolution
		SolutionGuid = {2C1B22F1-FEFE-446D-B336-A9B185438EA1}
	EndGlobalSection
EndGlobal
